// !$*UTF8*$!
{
	archiveVersion = 1;
	classes = {
	};
	objectVersion = 55;
	objects = {

/* Begin PBXBuildFile section */
		067302712850F9C300D9B9E8 /* AppDelegate.swift in Sources */ = {isa = PBXBuildFile; fileRef = 067302702850F9C300D9B9E8 /* AppDelegate.swift */; };
		067302732850F9C300D9B9E8 /* SceneDelegate.swift in Sources */ = {isa = PBXBuildFile; fileRef = 067302722850F9C300D9B9E8 /* SceneDelegate.swift */; };
		067302752850F9C300D9B9E8 /* ViewController.swift in Sources */ = {isa = PBXBuildFile; fileRef = 067302742850F9C300D9B9E8 /* ViewController.swift */; };
		067302782850F9C300D9B9E8 /* Main.storyboard in Resources */ = {isa = PBXBuildFile; fileRef = 067302762850F9C300D9B9E8 /* Main.storyboard */; };
		0673027A2850F9C800D9B9E8 /* Assets.xcassets in Resources */ = {isa = PBXBuildFile; fileRef = 067302792850F9C800D9B9E8 /* Assets.xcassets */; };
		0673027D2850F9C800D9B9E8 /* LaunchScreen.storyboard in Resources */ = {isa = PBXBuildFile; fileRef = 0673027B2850F9C800D9B9E8 /* LaunchScreen.storyboard */; };
		06AD0976285244DB0033117A /* Story.swift in Sources */ = {isa = PBXBuildFile; fileRef = 06AD0975285244DA0033117A /* Story.swift */; };
		06AD09792852451E0033117A /* StoryBrain.swift in Sources */ = {isa = PBXBuildFile; fileRef = 06AD09782852451E0033117A /* StoryBrain.swift */; };
/* End PBXBuildFile section */

/* Begin PBXFileReference section */
		0673026D2850F9C300D9B9E8 /* StoryOfTwoChoices.app */ = {isa = PBXFileReference; explicitFileType = wrapper.application; includeInIndex = 0; path = StoryOfTwoChoices.app; sourceTree = BUILT_PRODUCTS_DIR; };
		067302702850F9C300D9B9E8 /* AppDelegate.swift */ = {isa = PBXFileReference; lastKnownFileType = sourcecode.swift; path = AppDelegate.swift; sourceTree = "<group>"; };
		067302722850F9C300D9B9E8 /* SceneDelegate.swift */ = {isa = PBXFileReference; lastKnownFileType = sourcecode.swift; path = SceneDelegate.swift; sourceTree = "<group>"; };
		067302742850F9C300D9B9E8 /* ViewController.swift */ = {isa = PBXFileReference; lastKnownFileType = sourcecode.swift; path = ViewController.swift; sourceTree = "<group>"; };
		067302772850F9C300D9B9E8 /* Base */ = {isa = PBXFileReference; lastKnownFileType = file.storyboard; name = Base; path = Base.lproj/Main.storyboard; sourceTree = "<group>"; };
		067302792850F9C800D9B9E8 /* Assets.xcassets */ = {isa = PBXFileReference; lastKnownFileType = folder.assetcatalog; path = Assets.xcassets; sourceTree = "<group>"; };
		0673027C2850F9C800D9B9E8 /* Base */ = {isa = PBXFileReference; lastKnownFileType = file.storyboard; name = Base; path = Base.lproj/LaunchScreen.storyboard; sourceTree = "<group>"; };
		0673027E2850F9C800D9B9E8 /* Info.plist */ = {isa = PBXFileReference; lastKnownFileType = text.plist.xml; path = Info.plist; sourceTree = "<group>"; };
		06AD0975285244DA0033117A /* Story.swift */ = {isa = PBXFileReference; lastKnownFileType = sourcecode.swift; path = Story.swift; sourceTree = "<group>"; };
		06AD09782852451E0033117A /* StoryBrain.swift */ = {isa = PBXFileReference; lastKnownFileType = sourcecode.swift; path = StoryBrain.swift; sourceTree = "<group>"; };
/* End PBXFileReference section */

/* Begin PBXFrameworksBuildPhase section */
		0673026A2850F9C300D9B9E8 /* Frameworks */ = {
			isa = PBXFrameworksBuildPhase;
			buildActionMask = 2147483647;
			files = (
			);
			runOnlyForDeploymentPostprocessing = 0;
		};
/* End PBXFrameworksBuildPhase section */

/* Begin PBXGroup section */
		067302642850F9C300D9B9E8 = {
			isa = PBXGroup;
			children = (
				0673026F2850F9C300D9B9E8 /* StoryOfTwoChoices */,
				0673026E2850F9C300D9B9E8 /* Products */,
			);
			sourceTree = "<group>";
		};
		0673026E2850F9C300D9B9E8 /* Products */ = {
			isa = PBXGroup;
			children = (
				0673026D2850F9C300D9B9E8 /* StoryOfTwoChoices.app */,
			);
			name = Products;
			sourceTree = "<group>";
		};
		0673026F2850F9C300D9B9E8 /* StoryOfTwoChoices */ = {
			isa = PBXGroup;
			children = (
				067302702850F9C300D9B9E8 /* AppDelegate.swift */,
				067302722850F9C300D9B9E8 /* SceneDelegate.swift */,
				06AD0977285244F60033117A /* Model */,
				06AD097A285245280033117A /* View */,
				06AD097B2852453A0033117A /* Controller */,
				067302792850F9C800D9B9E8 /* Assets.xcassets */,
				0673027B2850F9C800D9B9E8 /* LaunchScreen.storyboard */,
				0673027E2850F9C800D9B9E8 /* Info.plist */,
			);
			path = StoryOfTwoChoices;
			sourceTree = "<group>";
		};
		06AD0977285244F60033117A /* Model */ = {
			isa = PBXGroup;
			children = (
				06AD0975285244DA0033117A /* Story.swift */,
				06AD09782852451E0033117A /* StoryBrain.swift */,
			);
			path = Model;
			sourceTree = "<group>";
		};
		06AD097A285245280033117A /* View */ = {
			isa = PBXGroup;
			children = (
				067302762850F9C300D9B9E8 /* Main.storyboard */,
			);
			path = View;
			sourceTree = "<group>";
		};
		06AD097B2852453A0033117A /* Controller */ = {
			isa = PBXGroup;
			children = (
				067302742850F9C300D9B9E8 /* ViewController.swift */,
			);
			path = Controller;
			sourceTree = "<group>";
		};
/* End PBXGroup section */

/* Begin PBXNativeTarget section */
		0673026C2850F9C300D9B9E8 /* StoryOfTwoChoices */ = {
			isa = PBXNativeTarget;
			buildConfigurationList = 067302812850F9C800D9B9E8 /* Build configuration list for PBXNativeTarget "StoryOfTwoChoices" */;
			buildPhases = (
				067302692850F9C300D9B9E8 /* Sources */,
				0673026A2850F9C300D9B9E8 /* Frameworks */,
				0673026B2850F9C300D9B9E8 /* Resources */,
			);
			buildRules = (
			);
			dependencies = (
			);
			name = StoryOfTwoChoices;
			productName = StoryOfTwoChoices;
			productReference = 0673026D2850F9C300D9B9E8 /* StoryOfTwoChoices.app */;
			productType = "com.apple.product-type.application";
		};
/* End PBXNativeTarget section */

/* Begin PBXProject section */
		067302652850F9C300D9B9E8 /* Project object */ = {
			isa = PBXProject;
			attributes = {
				BuildIndependentTargetsInParallel = 1;
				LastSwiftUpdateCheck = 1340;
				LastUpgradeCheck = 1340;
				TargetAttributes = {
					0673026C2850F9C300D9B9E8 = {
						CreatedOnToolsVersion = 13.4.1;
					};
				};
			};
			buildConfigurationList = 067302682850F9C300D9B9E8 /* Build configuration list for PBXProject "StoryOfTwoChoices" */;
			compatibilityVersion = "Xcode 13.0";
			developmentRegion = en;
			hasScannedForEncodings = 0;
			knownRegions = (
				en,
				Base,
			);
			mainGroup = 067302642850F9C300D9B9E8;
			productRefGroup = 0673026E2850F9C300D9B9E8 /* Products */;
			projectDirPath = "";
			projectRoot = "";
			targets = (
				0673026C2850F9C300D9B9E8 /* StoryOfTwoChoices */,
			);
		};
/* End PBXProject section */

/* Begin PBXResourcesBuildPhase section */
		0673026B2850F9C300D9B9E8 /* Resources */ = {
			isa = PBXResourcesBuildPhase;
			buildActionMask = 2147483647;
			files = (
				0673027D2850F9C800D9B9E8 /* LaunchScreen.storyboard in Resources */,
				0673027A2850F9C800D9B9E8 /* Assets.xcassets in Resources */,
				067302782850F9C300D9B9E8 /* Main.storyboard in Resources */,
			);
			runOnlyForDeploymentPostprocessing = 0;
		};
/* End PBXResourcesBuildPhase section */

/* Begin PBXSourcesBuildPhase section */
		067302692850F9C300D9B9E8 /* Sources */ = {
			isa = PBXSourcesBuildPhase;
			buildActionMask = 2147483647;
			files = (
				06AD09792852451E0033117A /* StoryBrain.swift in Sources */,
				067302752850F9C300D9B9E8 /* ViewController.swift in Sources */,
				067302712850F9C300D9B9E8 /* AppDelegate.swift in Sources */,
				067302732850F9C300D9B9E8 /* SceneDelegate.swift in Sources */,
				06AD0976285244DB0033117A /* Story.swift in Sources */,
			);
			runOnlyForDeploymentPostprocessing = 0;
		};
/* End PBXSourcesBuildPhase section */

/* Begin PBXVariantGroup section */
		067302762850F9C300D9B9E8 /* Main.storyboard */ = {
			isa = PBXVariantGroup;
			children = (
				067302772850F9C300D9B9E8 /* Base */,
			);
			name = Main.storyboard;
			sourceTree = "<group>";
		};
		0673027B2850F9C800D9B9E8 /* LaunchScreen.storyboard */ = {
			isa = PBXVariantGroup;
			children = (
				0673027C2850F9C800D9B9E8 /* Base */,
			);
			name = LaunchScreen.storyboard;
			sourceTree = "<group>";
		};
/* End PBXVariantGroup section */

/* Begin XCBuildConfiguration section */
		0673027F2850F9C800D9B9E8 /* Debug */ = {
			isa = XCBuildConfiguration;
			buildSettings = {
				ALWAYS_SEARCH_USER_PATHS = NO;
				CLANG_ANALYZER_NONNULL = YES;
				CLANG_ANALYZER_NUMBER_OBJECT_CONVERSION = YES_AGGRESSIVE;
				CLANG_CXX_LANGUAGE_STANDARD = "gnu++17";
				CLANG_ENABLE_MODULES = YES;
				CLANG_ENABLE_OBJC_ARC = YES;
				CLANG_ENABLE_OBJC_WEAK = YES;
				CLANG_WARN_BLOCK_CAPTURE_AUTORELEASING = YES;
				CLANG_WARN_BOOL_CONVERSION = YES;
				CLANG_WARN_COMMA = YES;
				CLANG_WARN_CONSTANT_CONVERSION = YES;
				CLANG_WARN_DEPRECATED_OBJC_IMPLEMENTATIONS = YES;
				CLANG_WARN_DIRECT_OBJC_ISA_USAGE = YES_ERROR;
				CLANG_WARN_DOCUMENTATION_COMMENTS = YES;
				CLANG_WARN_EMPTY_BODY = YES;
				CLANG_WARN_ENUM_CONVERSION = YES;
				CLANG_WARN_INFINITE_RECURSION = YES;
				CLANG_WARN_INT_CONVERSION = YES;
				CLANG_WARN_NON_LITERAL_NULL_CONVERSION = YES;
				CLANG_WARN_OBJC_IMPLICIT_RETAIN_SELF = YES;
				CLANG_WARN_OBJC_LITERAL_CONVERSION = YES;
				CLANG_WARN_OBJC_ROOT_CLASS = YES_ERROR;
				CLANG_WARN_QUOTED_INCLUDE_IN_FRAMEWORK_HEADER = YES;
				CLANG_WARN_RANGE_LOOP_ANALYSIS = YES;
				CLANG_WARN_STRICT_PROTOTYPES = YES;
				CLANG_WARN_SUSPICIOUS_MOVE = YES;
				CLANG_WARN_UNGUARDED_AVAILABILITY = YES_AGGRESSIVE;
				CLANG_WARN_UNREACHABLE_CODE = YES;
				CLANG_WARN__DUPLICATE_METHOD_MATCH = YES;
				COPY_PHASE_STRIP = NO;
				DEBUG_INFORMATION_FORMAT = dwarf;
				ENABLE_STRICT_OBJC_MSGSEND = YES;
				ENABLE_TESTABILITY = YES;
				GCC_C_LANGUAGE_STANDARD = gnu11;
				GCC_DYNAMIC_NO_PIC = NO;
				GCC_NO_COMMON_BLOCKS = YES;
				GCC_OPTIMIZATION_LEVEL = 0;
				GCC_PREPROCESSOR_DEFINITIONS = (
					"DEBUG=1",
					"$(inherited)",
				);
				GCC_WARN_64_TO_32_BIT_CONVERSION = YES;
				GCC_WARN_ABOUT_RETURN_TYPE = YES_ERROR;
				GCC_WARN_UNDECLARED_SELECTOR = YES;
				GCC_WARN_UNINITIALIZED_AUTOS = YES_AGGRESSIVE;
				GCC_WARN_UNUSED_FUNCTION = YES;
				GCC_WARN_UNUSED_VARIABLE = YES;
				IPHONEOS_DEPLOYMENT_TARGET = 15.5;
				MTL_ENABLE_DEBUG_INFO = INCLUDE_SOURCE;
				MTL_FAST_MATH = YES;
				ONLY_ACTIVE_ARCH = YES;
				SDKROOT = iphoneos;
				SWIFT_ACTIVE_COMPILATION_CONDITIONS = DEBUG;
				SWIFT_OPTIMIZATION_LEVEL = "-Onone";
			};
			name = Debug;
		};
		067302802850F9C800D9B9E8 /* Release */ = {
			isa = XCBuildConfiguration;
			buildSettings = {
				ALWAYS_SEARCH_USER_PATHS = NO;
				CLANG_ANALYZER_NONNULL = YES;
				CLANG_ANALYZER_NUMBER_OBJECT_CONVERSION = YES_AGGRESSIVE;
				CLANG_CXX_LANGUAGE_STANDARD = "gnu++17";
				CLANG_ENABLE_MODULES = YES;
				CLANG_ENABLE_OBJC_ARC = YES;
				CLANG_ENABLE_OBJC_WEAK = YES;
				CLANG_WARN_BLOCK_CAPTURE_AUTORELEASING = YES;
				CLANG_WARN_BOOL_CONVERSION = YES;
				CLANG_WARN_COMMA = YES;
				CLANG_WARN_CONSTANT_CONVERSION = YES;
				CLANG_WARN_DEPRECATED_OBJC_IMPLEMENTATIONS = YES;
				CLANG_WARN_DIRECT_OBJC_ISA_USAGE = YES_ERROR;
				CLANG_WARN_DOCUMENTATION_COMMENTS = YES;
				CLANG_WARN_EMPTY_BODY = YES;
				CLANG_WARN_ENUM_CONVERSION = YES;
				CLANG_WARN_INFINITE_RECURSION = YES;
				CLANG_WARN_INT_CONVERSION = YES;
				CLANG_WARN_NON_LITERAL_NULL_CONVERSION = YES;
				CLANG_WARN_OBJC_IMPLICIT_RETAIN_SELF = YES;
				CLANG_WARN_OBJC_LITERAL_CONVERSION = YES;
				CLANG_WARN_OBJC_ROOT_CLASS = YES_ERROR;
				CLANG_WARN_QUOTED_INCLUDE_IN_FRAMEWORK_HEADER = YES;
				CLANG_WARN_RANGE_LOOP_ANALYSIS = YES;
				CLANG_WARN_STRICT_PROTOTYPES = YES;
				CLANG_WARN_SUSPICIOUS_MOVE = YES;
				CLANG_WARN_UNGUARDED_AVAILABILITY = YES_AGGRESSIVE;
				CLANG_WARN_UNREACHABLE_CODE = YES;
				CLANG_WARN__DUPLICATE_METHOD_MATCH = YES;
				COPY_PHASE_STRIP = NO;
				DEBUG_INFORMATION_FORMAT = "dwarf-with-dsym";
				ENABLE_NS_ASSERTIONS = NO;
				ENABLE_STRICT_OBJC_MSGSEND = YES;
				GCC_C_LANGUAGE_STANDARD = gnu11;
				GCC_NO_COMMON_BLOCKS = YES;
				GCC_WARN_64_TO_32_BIT_CONVERSION = YES;
				GCC_WARN_ABOUT_RETURN_TYPE = YES_ERROR;
				GCC_WARN_UNDECLARED_SELECTOR = YES;
				GCC_WARN_UNINITIALIZED_AUTOS = YES_AGGRESSIVE;
				GCC_WARN_UNUSED_FUNCTION = YES;
				GCC_WARN_UNUSED_VARIABLE = YES;
				IPHONEOS_DEPLOYMENT_TARGET = 15.5;
				MTL_ENABLE_DEBUG_INFO = NO;
				MTL_FAST_MATH = YES;
				SDKROOT = iphoneos;
				SWIFT_COMPILATION_MODE = wholemodule;
				SWIFT_OPTIMIZATION_LEVEL = "-O";
				VALIDATE_PRODUCT = YES;
			};
			name = Release;
		};
		067302822850F9C800D9B9E8 /* Debug */ = {
			isa = XCBuildConfiguration;
			buildSettings = {
				ASSETCATALOG_COMPILER_APPICON_NAME = AppIcon;
				ASSETCATALOG_COMPILER_GLOBAL_ACCENT_COLOR_NAME = AccentColor;
				CODE_SIGN_STYLE = Automatic;
				CURRENT_PROJECT_VERSION = 1;
				DEVELOPMENT_TEAM = VL7Y5QW4C2;
				GENERATE_INFOPLIST_FILE = YES;
				INFOPLIST_FILE = StoryOfTwoChoices/Info.plist;
				INFOPLIST_KEY_UIApplicationSupportsIndirectInputEvents = YES;
				INFOPLIST_KEY_UILaunchStoryboardName = LaunchScreen;
				INFOPLIST_KEY_UIMainStoryboardFile = Main;
				INFOPLIST_KEY_UISupportedInterfaceOrientations_iPad = "UIInterfaceOrientationPortrait UIInterfaceOrientationPortraitUpsideDown UIInterfaceOrientationLandscapeLeft UIInterfaceOrientationLandscapeRight";
				INFOPLIST_KEY_UISupportedInterfaceOrientations_iPhone = "UIInterfaceOrientationPortrait UIInterfaceOrientationLandscapeLeft UIInterfaceOrientationLandscapeRight";
				LD_RUNPATH_SEARCH_PATHS = (
					"$(inherited)",
					"@executable_path/Frameworks",
				);
				MARKETING_VERSION = 1.0;
				PRODUCT_BUNDLE_IDENTIFIER = com.tentenblog.StoryOfTwoChoices;
				PRODUCT_NAME = "$(TARGET_NAME)";
				SWIFT_EMIT_LOC_STRINGS = YES;
				SWIFT_VERSION = 5.0;
				TARGETED_DEVICE_FAMILY = "1,2";
			};
			name = Debug;
		};
		067302832850F9C800D9B9E8 /* Release */ = {
			isa = XCBuildConfiguration;
			buildSettings = {
				ASSETCATALOG_COMPILER_APPICON_NAME = AppIcon;
				ASSETCATALOG_COMPILER_GLOBAL_ACCENT_COLOR_NAME = AccentColor;
				CODE_SIGN_STYLE = Automatic;
				CURRENT_PROJECT_VERSION = 1;
				DEVELOPMENT_TEAM = VL7Y5QW4C2;
				GENERATE_INFOPLIST_FILE = YES;
				INFOPLIST_FILE = StoryOfTwoChoices/Info.plist;
				INFOPLIST_KEY_UIApplicationSupportsIndirectInputEvents = YES;
				INFOPLIST_KEY_UILaunchStoryboardName = LaunchScreen;
				INFOPLIST_KEY_UIMainStoryboardFile = Main;
				INFOPLIST_KEY_UISupportedInterfaceOrientations_iPad = "UIInterfaceOrientationPortrait UIInterfaceOrientationPortraitUpsideDown UIInterfaceOrientationLandscapeLeft UIInterfaceOrientationLandscapeRight";
				INFOPLIST_KEY_UISupportedInterfaceOrientations_iPhone = "UIInterfaceOrientationPortrait UIInterfaceOrientationLandscapeLeft UIInterfaceOrientationLandscapeRight";
				LD_RUNPATH_SEARCH_PATHS = (
					"$(inherited)",
					"@executable_path/Frameworks",
				);
				MARKETING_VERSION = 1.0;
				PRODUCT_BUNDLE_IDENTIFIER = com.tentenblog.StoryOfTwoChoices;
				PRODUCT_NAME = "$(TARGET_NAME)";
				SWIFT_EMIT_LOC_STRINGS = YES;
				SWIFT_VERSION = 5.0;
				TARGETED_DEVICE_FAMILY = "1,2";
			};
			name = Release;
		};
/* End XCBuildConfiguration section */

/* Begin XCConfigurationList section */
		067302682850F9C300D9B9E8 /* Build configuration list for PBXProject "StoryOfTwoChoices" */ = {
			isa = XCConfigurationList;
			buildConfigurations = (
				0673027F2850F9C800D9B9E8 /* Debug */,
				067302802850F9C800D9B9E8 /* Release */,
			);
			defaultConfigurationIsVisible = 0;
			defaultConfigurationName = Release;
		};
		067302812850F9C800D9B9E8 /* Build configuration list for PBXNativeTarget "StoryOfTwoChoices" */ = {
			isa = XCConfigurationList;
			buildConfigurations = (
				067302822850F9C800D9B9E8 /* Debug */,
				067302832850F9C800D9B9E8 /* Release */,
			);
			defaultConfigurationIsVisible = 0;
			defaultConfigurationName = Release;
		};
/* End XCConfigurationList section */
	};
	rootObject = 067302652850F9C300D9B9E8 /* Project object */;
}
